
Microsoft Visual Studio Solution File, Format Version 12.00
# Visual Studio Version 17
VisualStudioVersion = 17.9.34728.123
MinimumVisualStudioVersion = 10.0.40219.1
Project("{FAE04EC0-301F-11D3-BF4B-00C04F79EFBC}") = "StoryTime", "StoryTime\StoryTime.csproj", "{0876B84C-5B1F-4A2D-B646-794271BB2187}"
EndProject
Global
	GlobalSection(SolutionConfigurationPlatforms) = preSolution
		Debug|Any CPU = Debug|Any CPU
		Release|Any CPU = Release|Any CPU
	EndGlobalSection
	GlobalSection(ProjectConfigurationPlatforms) = postSolution
		{0876B84C-5B1F-4A2D-B646-794271BB2187}.Debug|Any CPU.ActiveCfg = Debug|Any CPU
		{0876B84C-5B1F-4A2D-B646-794271BB2187}.Debug|Any CPU.Build.0 = Debug|Any CPU
		{0876B84C-5B1F-4A2D-B646-794271BB2187}.Debug|Any CPU.Deploy.0 = Debug|Any CPU
		{0876B84C-5B1F-4A2D-B646-794271BB2187}.Release|Any CPU.ActiveCfg = Release|Any CPU
		{0876B84C-5B1F-4A2D-B646-794271BB2187}.Release|Any CPU.Build.0 = Release|Any CPU
		{0876B84C-5B1F-4A2D-B646-794271BB2187}.Release|Any CPU.Deploy.0 = Release|Any CPU
	EndGlobalSection
	GlobalSection(SolutionProperties) = preSolution
		HideSolutionNode = FALSE
	EndGlobalSection
	GlobalSection(ExtensibilityGlobals) = postSolution
		SolutionGuid = {4784FAD3-3233-4024-B6CF-D9F8E41E7F77}
	EndGlobalSection
EndGlobal
